
Microsoft Visual Studio Solution File, Format Version 12.00
# Visual Studio Version 17
VisualStudioVersion = 17.6.33829.357
MinimumVisualStudioVersion = 10.0.40219.1
Project("{FAE04EC0-301F-11D3-BF4B-00C04F79EFBC}") = "Summer2022Proj0.API", "Summer2022Proj0.API\Summer2022Proj0.API.csproj", "{F4ED45A2-4CA5-409B-8B53-D25B803D3029}"
EndProject
Global
	GlobalSection(SolutionConfigurationPlatforms) = preSolution
		Debug|Any CPU = Debug|Any CPU
		Release|Any CPU = Release|Any CPU
	EndGlobalSection
	GlobalSection(ProjectConfigurationPlatforms) = postSolution
		{F4ED45A2-4CA5-409B-8B53-D25B803D3029}.Debug|Any CPU.ActiveCfg = Debug|Any CPU
		{F4ED45A2-4CA5-409B-8B53-D25B803D3029}.Debug|Any CPU.Build.0 = Debug|Any CPU
		{F4ED45A2-4CA5-409B-8B53-D25B803D3029}.Release|Any CPU.ActiveCfg = Release|Any CPU
		{F4ED45A2-4CA5-409B-8B53-D25B803D3029}.Release|Any CPU.Build.0 = Release|Any CPU
	EndGlobalSection
	GlobalSection(SolutionProperties) = preSolution
		HideSolutionNode = FALSE
	EndGlobalSection
	GlobalSection(ExtensibilityGlobals) = postSolution
		SolutionGuid = {1CD7958F-AEFA-4125-A211-0FBF30D0B999}
	EndGlobalSection
EndGlobal
